
Microsoft Visual Studio Solution File, Format Version 12.00
# Visual Studio 15
VisualStudioVersion = 15.0.27004.2005
MinimumVisualStudioVersion = 10.0.40219.1
Project("{FAE04EC0-301F-11D3-BF4B-00C04F79EFBC}") = "temperature_measure", "temperature_measure\temperature_measure.csproj", "{CCAB6075-D7E6-4421-8B25-5469281FA010}"
EndProject
Global
	GlobalSection(SolutionConfigurationPlatforms) = preSolution
		Debug|Any CPU = Debug|Any CPU
		Release|Any CPU = Release|Any CPU
	EndGlobalSection
	GlobalSection(ProjectConfigurationPlatforms) = postSolution
		{CCAB6075-D7E6-4421-8B25-5469281FA010}.Debug|Any CPU.ActiveCfg = Debug|Any CPU
		{CCAB6075-D7E6-4421-8B25-5469281FA010}.Debug|Any CPU.Build.0 = Debug|Any CPU
		{CCAB6075-D7E6-4421-8B25-5469281FA010}.Release|Any CPU.ActiveCfg = Release|Any CPU
		{CCAB6075-D7E6-4421-8B25-5469281FA010}.Release|Any CPU.Build.0 = Release|Any CPU
	EndGlobalSection
	GlobalSection(SolutionProperties) = preSolution
		HideSolutionNode = FALSE
	EndGlobalSection
	GlobalSection(ExtensibilityGlobals) = postSolution
		SolutionGuid = {09005AB2-0311-423C-AC01-02406580AE9D}
	EndGlobalSection
EndGlobal
